
Microsoft Visual Studio Solution File, Format Version 12.00
# Visual Studio 15
VisualStudioVersion = 15.0.26124.0
MinimumVisualStudioVersion = 15.0.26124.0
Project("{2150E333-8FDC-42A3-9474-1A3956D46DE8}") = "src", "src", "{4D2F7D84-C541-4509-9B1B-9BC68CA1BFE3}"
EndProject
Project("{FAE04EC0-301F-11D3-BF4B-00C04F79EFBC}") = "version.api", "src\version.api\version.api.csproj", "{7C78998E-5F23-4995-BBA8-29BECD70B5D2}"
EndProject
Project("{FAE04EC0-301F-11D3-BF4B-00C04F79EFBC}") = "version.domain", "src\version.domain\version.domain.csproj", "{91387C0E-9D69-4284-8F2C-E55DBE97BBD7}"
EndProject
Project("{FAE04EC0-301F-11D3-BF4B-00C04F79EFBC}") = "version.data", "src\version.data\version.data.csproj", "{60E6064C-8EDB-4BDB-B1B6-BF40045BC92C}"
EndProject
Global
	GlobalSection(SolutionConfigurationPlatforms) = preSolution
		Debug|Any CPU = Debug|Any CPU
		Debug|x64 = Debug|x64
		Debug|x86 = Debug|x86
		Release|Any CPU = Release|Any CPU
		Release|x64 = Release|x64
		Release|x86 = Release|x86
	EndGlobalSection
	GlobalSection(SolutionProperties) = preSolution
		HideSolutionNode = FALSE
	EndGlobalSection
	GlobalSection(ProjectConfigurationPlatforms) = postSolution
		{7C78998E-5F23-4995-BBA8-29BECD70B5D2}.Debug|Any CPU.ActiveCfg = Debug|Any CPU
		{7C78998E-5F23-4995-BBA8-29BECD70B5D2}.Debug|Any CPU.Build.0 = Debug|Any CPU
		{7C78998E-5F23-4995-BBA8-29BECD70B5D2}.Debug|x64.ActiveCfg = Debug|Any CPU
		{7C78998E-5F23-4995-BBA8-29BECD70B5D2}.Debug|x64.Build.0 = Debug|Any CPU
		{7C78998E-5F23-4995-BBA8-29BECD70B5D2}.Debug|x86.ActiveCfg = Debug|Any CPU
		{7C78998E-5F23-4995-BBA8-29BECD70B5D2}.Debug|x86.Build.0 = Debug|Any CPU
		{7C78998E-5F23-4995-BBA8-29BECD70B5D2}.Release|Any CPU.ActiveCfg = Release|Any CPU
		{7C78998E-5F23-4995-BBA8-29BECD70B5D2}.Release|Any CPU.Build.0 = Release|Any CPU
		{7C78998E-5F23-4995-BBA8-29BECD70B5D2}.Release|x64.ActiveCfg = Release|Any CPU
		{7C78998E-5F23-4995-BBA8-29BECD70B5D2}.Release|x64.Build.0 = Release|Any CPU
		{7C78998E-5F23-4995-BBA8-29BECD70B5D2}.Release|x86.ActiveCfg = Release|Any CPU
		{7C78998E-5F23-4995-BBA8-29BECD70B5D2}.Release|x86.Build.0 = Release|Any CPU
		{91387C0E-9D69-4284-8F2C-E55DBE97BBD7}.Debug|Any CPU.ActiveCfg = Debug|Any CPU
		{91387C0E-9D69-4284-8F2C-E55DBE97BBD7}.Debug|Any CPU.Build.0 = Debug|Any CPU
		{91387C0E-9D69-4284-8F2C-E55DBE97BBD7}.Debug|x64.ActiveCfg = Debug|Any CPU
		{91387C0E-9D69-4284-8F2C-E55DBE97BBD7}.Debug|x64.Build.0 = Debug|Any CPU
		{91387C0E-9D69-4284-8F2C-E55DBE97BBD7}.Debug|x86.ActiveCfg = Debug|Any CPU
		{91387C0E-9D69-4284-8F2C-E55DBE97BBD7}.Debug|x86.Build.0 = Debug|Any CPU
		{91387C0E-9D69-4284-8F2C-E55DBE97BBD7}.Release|Any CPU.ActiveCfg = Release|Any CPU
		{91387C0E-9D69-4284-8F2C-E55DBE97BBD7}.Release|Any CPU.Build.0 = Release|Any CPU
		{91387C0E-9D69-4284-8F2C-E55DBE97BBD7}.Release|x64.ActiveCfg = Release|Any CPU
		{91387C0E-9D69-4284-8F2C-E55DBE97BBD7}.Release|x64.Build.0 = Release|Any CPU
		{91387C0E-9D69-4284-8F2C-E55DBE97BBD7}.Release|x86.ActiveCfg = Release|Any CPU
		{91387C0E-9D69-4284-8F2C-E55DBE97BBD7}.Release|x86.Build.0 = Release|Any CPU
		{60E6064C-8EDB-4BDB-B1B6-BF40045BC92C}.Debug|Any CPU.ActiveCfg = Debug|Any CPU
		{60E6064C-8EDB-4BDB-B1B6-BF40045BC92C}.Debug|Any CPU.Build.0 = Debug|Any CPU
		{60E6064C-8EDB-4BDB-B1B6-BF40045BC92C}.Debug|x64.ActiveCfg = Debug|Any CPU
		{60E6064C-8EDB-4BDB-B1B6-BF40045BC92C}.Debug|x64.Build.0 = Debug|Any CPU
		{60E6064C-8EDB-4BDB-B1B6-BF40045BC92C}.Debug|x86.ActiveCfg = Debug|Any CPU
		{60E6064C-8EDB-4BDB-B1B6-BF40045BC92C}.Debug|x86.Build.0 = Debug|Any CPU
		{60E6064C-8EDB-4BDB-B1B6-BF40045BC92C}.Release|Any CPU.ActiveCfg = Release|Any CPU
		{60E6064C-8EDB-4BDB-B1B6-BF40045BC92C}.Release|Any CPU.Build.0 = Release|Any CPU
		{60E6064C-8EDB-4BDB-B1B6-BF40045BC92C}.Release|x64.ActiveCfg = Release|Any CPU
		{60E6064C-8EDB-4BDB-B1B6-BF40045BC92C}.Release|x64.Build.0 = Release|Any CPU
		{60E6064C-8EDB-4BDB-B1B6-BF40045BC92C}.Release|x86.ActiveCfg = Release|Any CPU
		{60E6064C-8EDB-4BDB-B1B6-BF40045BC92C}.Release|x86.Build.0 = Release|Any CPU
	EndGlobalSection
	GlobalSection(NestedProjects) = preSolution
		{7C78998E-5F23-4995-BBA8-29BECD70B5D2} = {4D2F7D84-C541-4509-9B1B-9BC68CA1BFE3}
		{91387C0E-9D69-4284-8F2C-E55DBE97BBD7} = {4D2F7D84-C541-4509-9B1B-9BC68CA1BFE3}
		{60E6064C-8EDB-4BDB-B1B6-BF40045BC92C} = {4D2F7D84-C541-4509-9B1B-9BC68CA1BFE3}
	EndGlobalSection
EndGlobal
